// !$*UTF8*$!
{
	archiveVersion = 1;
	classes = {
	};
	objectVersion = 46;
	objects = {

/* Begin PBXBuildFile section */
		3FEB9667194280B300A7ED95 /* Foundation.framework in Frameworks */ = {isa = PBXBuildFile; fileRef = 3FEB9666194280B300A7ED95 /* Foundation.framework */; };
		3FEB9669194280B300A7ED95 /* CoreGraphics.framework in Frameworks */ = {isa = PBXBuildFile; fileRef = 3FEB9668194280B300A7ED95 /* CoreGraphics.framework */; };
		3FEB966B194280B300A7ED95 /* UIKit.framework in Frameworks */ = {isa = PBXBuildFile; fileRef = 3FEB966A194280B300A7ED95 /* UIKit.framework */; };
		3FEB9671194280B300A7ED95 /* InfoPlist.strings in Resources */ = {isa = PBXBuildFile; fileRef = 3FEB966F194280B300A7ED95 /* InfoPlist.strings */; };
		3FEB9673194280B300A7ED95 /* main.m in Sources */ = {isa = PBXBuildFile; fileRef = 3FEB9672194280B300A7ED95 /* main.m */; };
		3FEB9677194280B300A7ED95 /* OWAppDelegate.m in Sources */ = {isa = PBXBuildFile; fileRef = 3FEB9676194280B300A7ED95 /* OWAppDelegate.m */; };
		3FEB967A194280B300A7ED95 /* Main.storyboard in Resources */ = {isa = PBXBuildFile; fileRef = 3FEB9678194280B300A7ED95 /* Main.storyboard */; };
		3FEB967D194280B300A7ED95 /* OWViewController.m in Sources */ = {isa = PBXBuildFile; fileRef = 3FEB967C194280B300A7ED95 /* OWViewController.m */; };
		3FEB967F194280B300A7ED95 /* Images.xcassets in Resources */ = {isa = PBXBuildFile; fileRef = 3FEB967E194280B300A7ED95 /* Images.xcassets */; };
		3FEB9686194280B300A7ED95 /* XCTest.framework in Frameworks */ = {isa = PBXBuildFile; fileRef = 3FEB9685194280B300A7ED95 /* XCTest.framework */; };
		3FEB9687194280B300A7ED95 /* Foundation.framework in Frameworks */ = {isa = PBXBuildFile; fileRef = 3FEB9666194280B300A7ED95 /* Foundation.framework */; };
		3FEB9688194280B300A7ED95 /* UIKit.framework in Frameworks */ = {isa = PBXBuildFile; fileRef = 3FEB966A194280B300A7ED95 /* UIKit.framework */; };
		3FEB9690194280B300A7ED95 /* InfoPlist.strings in Resources */ = {isa = PBXBuildFile; fileRef = 3FEB968E194280B300A7ED95 /* InfoPlist.strings */; };
		3FEB9692194280B300A7ED95 /* Out_of_this_WorldTests.m in Sources */ = {isa = PBXBuildFile; fileRef = 3FEB9691194280B300A7ED95 /* Out_of_this_WorldTests.m */; };
/* End PBXBuildFile section */

/* Begin PBXContainerItemProxy section */
		3FEB9689194280B300A7ED95 /* PBXContainerItemProxy */ = {
			isa = PBXContainerItemProxy;
			containerPortal = 3FEB965B194280B300A7ED95 /* Project object */;
			proxyType = 1;
			remoteGlobalIDString = 3FEB9662194280B300A7ED95;
			remoteInfo = "Out of this World";
		};
/* End PBXContainerItemProxy section */

/* Begin PBXFileReference section */
		3FEB9663194280B300A7ED95 /* Out of this World.app */ = {isa = PBXFileReference; explicitFileType = wrapper.application; includeInIndex = 0; path = "Out of this World.app"; sourceTree = BUILT_PRODUCTS_DIR; };
		3FEB9666194280B300A7ED95 /* Foundation.framework */ = {isa = PBXFileReference; lastKnownFileType = wrapper.framework; name = Foundation.framework; path = System/Library/Frameworks/Foundation.framework; sourceTree = SDKROOT; };
		3FEB9668194280B300A7ED95 /* CoreGraphics.framework */ = {isa = PBXFileReference; lastKnownFileType = wrapper.framework; name = CoreGraphics.framework; path = System/Library/Frameworks/CoreGraphics.framework; sourceTree = SDKROOT; };
		3FEB966A194280B300A7ED95 /* UIKit.framework */ = {isa = PBXFileReference; lastKnownFileType = wrapper.framework; name = UIKit.framework; path = System/Library/Frameworks/UIKit.framework; sourceTree = SDKROOT; };
		3FEB966E194280B300A7ED95 /* Out of this World-Info.plist */ = {isa = PBXFileReference; lastKnownFileType = text.plist.xml; path = "Out of this World-Info.plist"; sourceTree = "<group>"; };
		3FEB9670194280B300A7ED95 /* en */ = {isa = PBXFileReference; lastKnownFileType = text.plist.strings; name = en; path = en.lproj/InfoPlist.strings; sourceTree = "<group>"; };
		3FEB9672194280B300A7ED95 /* main.m */ = {isa = PBXFileReference; lastKnownFileType = sourcecode.c.objc; path = main.m; sourceTree = "<group>"; };
		3FEB9674194280B300A7ED95 /* Out of this World-Prefix.pch */ = {isa = PBXFileReference; lastKnownFileType = sourcecode.c.h; path = "Out of this World-Prefix.pch"; sourceTree = "<group>"; };
		3FEB9675194280B300A7ED95 /* OWAppDelegate.h */ = {isa = PBXFileReference; lastKnownFileType = sourcecode.c.h; path = OWAppDelegate.h; sourceTree = "<group>"; };
		3FEB9676194280B300A7ED95 /* OWAppDelegate.m */ = {isa = PBXFileReference; lastKnownFileType = sourcecode.c.objc; path = OWAppDelegate.m; sourceTree = "<group>"; };
		3FEB9679194280B300A7ED95 /* Base */ = {isa = PBXFileReference; lastKnownFileType = file.storyboard; name = Base; path = Base.lproj/Main.storyboard; sourceTree = "<group>"; };
		3FEB967B194280B300A7ED95 /* OWViewController.h */ = {isa = PBXFileReference; lastKnownFileType = sourcecode.c.h; path = OWViewController.h; sourceTree = "<group>"; };
		3FEB967C194280B300A7ED95 /* OWViewController.m */ = {isa = PBXFileReference; lastKnownFileType = sourcecode.c.objc; path = OWViewController.m; sourceTree = "<group>"; };
		3FEB967E194280B300A7ED95 /* Images.xcassets */ = {isa = PBXFileReference; lastKnownFileType = folder.assetcatalog; path = Images.xcassets; sourceTree = "<group>"; };
		3FEB9684194280B300A7ED95 /* Out of this WorldTests.xctest */ = {isa = PBXFileReference; explicitFileType = wrapper.cfbundle; includeInIndex = 0; path = "Out of this WorldTests.xctest"; sourceTree = BUILT_PRODUCTS_DIR; };
		3FEB9685194280B300A7ED95 /* XCTest.framework */ = {isa = PBXFileReference; lastKnownFileType = wrapper.framework; name = XCTest.framework; path = Library/Frameworks/XCTest.framework; sourceTree = DEVELOPER_DIR; };
		3FEB968D194280B300A7ED95 /* Out of this WorldTests-Info.plist */ = {isa = PBXFileReference; lastKnownFileType = text.plist.xml; path = "Out of this WorldTests-Info.plist"; sourceTree = "<group>"; };
		3FEB968F194280B300A7ED95 /* en */ = {isa = PBXFileReference; lastKnownFileType = text.plist.strings; name = en; path = en.lproj/InfoPlist.strings; sourceTree = "<group>"; };
		3FEB9691194280B300A7ED95 /* Out_of_this_WorldTests.m */ = {isa = PBXFileReference; lastKnownFileType = sourcecode.c.objc; path = Out_of_this_WorldTests.m; sourceTree = "<group>"; };
/* End PBXFileReference section */

/* Begin PBXFrameworksBuildPhase section */
		3FEB9660194280B300A7ED95 /* Frameworks */ = {
			isa = PBXFrameworksBuildPhase;
			buildActionMask = 2147483647;
			files = (
				3FEB9669194280B300A7ED95 /* CoreGraphics.framework in Frameworks */,
				3FEB966B194280B300A7ED95 /* UIKit.framework in Frameworks */,
				3FEB9667194280B300A7ED95 /* Foundation.framework in Frameworks */,
			);
			runOnlyForDeploymentPostprocessing = 0;
		};
		3FEB9681194280B300A7ED95 /* Frameworks */ = {
			isa = PBXFrameworksBuildPhase;
			buildActionMask = 2147483647;
			files = (
				3FEB9686194280B300A7ED95 /* XCTest.framework in Frameworks */,
				3FEB9688194280B300A7ED95 /* UIKit.framework in Frameworks */,
				3FEB9687194280B300A7ED95 /* Foundation.framework in Frameworks */,
			);
			runOnlyForDeploymentPostprocessing = 0;
		};
/* End PBXFrameworksBuildPhase section */

/* Begin PBXGroup section */
		3FEB965A194280B300A7ED95 = {
			isa = PBXGroup;
			children = (
				3FEB966C194280B300A7ED95 /* Out of this World */,
				3FEB968B194280B300A7ED95 /* Out of this WorldTests */,
				3FEB9665194280B300A7ED95 /* Frameworks */,
				3FEB9664194280B300A7ED95 /* Products */,
			);
			sourceTree = "<group>";
		};
		3FEB9664194280B300A7ED95 /* Products */ = {
			isa = PBXGroup;
			children = (
				3FEB9663194280B300A7ED95 /* Out of this World.app */,
				3FEB9684194280B300A7ED95 /* Out of this WorldTests.xctest */,
			);
			name = Products;
			sourceTree = "<group>";
		};
		3FEB9665194280B300A7ED95 /* Frameworks */ = {
			isa = PBXGroup;
			children = (
				3FEB9666194280B300A7ED95 /* Foundation.framework */,
				3FEB9668194280B300A7ED95 /* CoreGraphics.framework */,
				3FEB966A194280B300A7ED95 /* UIKit.framework */,
				3FEB9685194280B300A7ED95 /* XCTest.framework */,
			);
			name = Frameworks;
			sourceTree = "<group>";
		};
		3FEB966C194280B300A7ED95 /* Out of this World */ = {
			isa = PBXGroup;
			children = (
				3FEB9675194280B300A7ED95 /* OWAppDelegate.h */,
				3FEB9676194280B300A7ED95 /* OWAppDelegate.m */,
				3FEB9678194280B300A7ED95 /* Main.storyboard */,
				3FEB967B194280B300A7ED95 /* OWViewController.h */,
				3FEB967C194280B300A7ED95 /* OWViewController.m */,
				3FEB967E194280B300A7ED95 /* Images.xcassets */,
				3FEB966D194280B300A7ED95 /* Supporting Files */,
			);
			path = "Out of this World";
			sourceTree = "<group>";
		};
		3FEB966D194280B300A7ED95 /* Supporting Files */ = {
			isa = PBXGroup;
			children = (
				3FEB966E194280B300A7ED95 /* Out of this World-Info.plist */,
				3FEB966F194280B300A7ED95 /* InfoPlist.strings */,
				3FEB9672194280B300A7ED95 /* main.m */,
				3FEB9674194280B300A7ED95 /* Out of this World-Prefix.pch */,
			);
			name = "Supporting Files";
			sourceTree = "<group>";
		};
		3FEB968B194280B300A7ED95 /* Out of this WorldTests */ = {
			isa = PBXGroup;
			children = (
				3FEB9691194280B300A7ED95 /* Out_of_this_WorldTests.m */,
				3FEB968C194280B300A7ED95 /* Supporting Files */,
			);
			path = "Out of this WorldTests";
			sourceTree = "<group>";
		};
		3FEB968C194280B300A7ED95 /* Supporting Files */ = {
			isa = PBXGroup;
			children = (
				3FEB968D194280B300A7ED95 /* Out of this WorldTests-Info.plist */,
				3FEB968E194280B300A7ED95 /* InfoPlist.strings */,
			);
			name = "Supporting Files";
			sourceTree = "<group>";
		};
/* End PBXGroup section */

/* Begin PBXNativeTarget section */
		3FEB9662194280B300A7ED95 /* Out of this World */ = {
			isa = PBXNativeTarget;
			buildConfigurationList = 3FEB9695194280B300A7ED95 /* Build configuration list for PBXNativeTarget "Out of this World" */;
			buildPhases = (
				3FEB965F194280B300A7ED95 /* Sources */,
				3FEB9660194280B300A7ED95 /* Frameworks */,
				3FEB9661194280B300A7ED95 /* Resources */,
			);
			buildRules = (
			);
			dependencies = (
			);
			name = "Out of this World";
			productName = "Out of this World";
			productReference = 3FEB9663194280B300A7ED95 /* Out of this World.app */;
			productType = "com.apple.product-type.application";
		};
		3FEB9683194280B300A7ED95 /* Out of this WorldTests */ = {
			isa = PBXNativeTarget;
			buildConfigurationList = 3FEB9698194280B300A7ED95 /* Build configuration list for PBXNativeTarget "Out of this WorldTests" */;
			buildPhases = (
				3FEB9680194280B300A7ED95 /* Sources */,
				3FEB9681194280B300A7ED95 /* Frameworks */,
				3FEB9682194280B300A7ED95 /* Resources */,
			);
			buildRules = (
			);
			dependencies = (
				3FEB968A194280B300A7ED95 /* PBXTargetDependency */,
			);
			name = "Out of this WorldTests";
			productName = "Out of this WorldTests";
			productReference = 3FEB9684194280B300A7ED95 /* Out of this WorldTests.xctest */;
			productType = "com.apple.product-type.bundle.unit-test";
		};
/* End PBXNativeTarget section */

/* Begin PBXProject section */
		3FEB965B194280B300A7ED95 /* Project object */ = {
			isa = PBXProject;
			attributes = {
				CLASSPREFIX = OW;
				LastUpgradeCheck = 0510;
				ORGANIZATIONNAME = IST;
				TargetAttributes = {
					3FEB9683194280B300A7ED95 = {
						TestTargetID = 3FEB9662194280B300A7ED95;
					};
				};
			};
			buildConfigurationList = 3FEB965E194280B300A7ED95 /* Build configuration list for PBXProject "Out of this World" */;
			compatibilityVersion = "Xcode 3.2";
			developmentRegion = English;
			hasScannedForEncodings = 0;
			knownRegions = (
				en,
				Base,
			);
			mainGroup = 3FEB965A194280B300A7ED95;
			productRefGroup = 3FEB9664194280B300A7ED95 /* Products */;
			projectDirPath = "";
			projectRoot = "";
			targets = (
				3FEB9662194280B300A7ED95 /* Out of this World */,
				3FEB9683194280B300A7ED95 /* Out of this WorldTests */,
			);
		};
/* End PBXProject section */

/* Begin PBXResourcesBuildPhase section */
		3FEB9661194280B300A7ED95 /* Resources */ = {
			isa = PBXResourcesBuildPhase;
			buildActionMask = 2147483647;
			files = (
				3FEB967F194280B300A7ED95 /* Images.xcassets in Resources */,
				3FEB9671194280B300A7ED95 /* InfoPlist.strings in Resources */,
				3FEB967A194280B300A7ED95 /* Main.storyboard in Resources */,
			);
			runOnlyForDeploymentPostprocessing = 0;
		};
		3FEB9682194280B300A7ED95 /* Resources */ = {
			isa = PBXResourcesBuildPhase;
			buildActionMask = 2147483647;
			files = (
				3FEB9690194280B300A7ED95 /* InfoPlist.strings in Resources */,
			);
			runOnlyForDeploymentPostprocessing = 0;
		};
/* End PBXResourcesBuildPhase section */

/* Begin PBXSourcesBuildPhase section */
		3FEB965F194280B300A7ED95 /* Sources */ = {
			isa = PBXSourcesBuildPhase;
			buildActionMask = 2147483647;
			files = (
				3FEB9677194280B300A7ED95 /* OWAppDelegate.m in Sources */,
				3FEB967D194280B300A7ED95 /* OWViewController.m in Sources */,
				3FEB9673194280B300A7ED95 /* main.m in Sources */,
			);
			runOnlyForDeploymentPostprocessing = 0;
		};
		3FEB9680194280B300A7ED95 /* Sources */ = {
			isa = PBXSourcesBuildPhase;
			buildActionMask = 2147483647;
			files = (
				3FEB9692194280B300A7ED95 /* Out_of_this_WorldTests.m in Sources */,
			);
			runOnlyForDeploymentPostprocessing = 0;
		};
/* End PBXSourcesBuildPhase section */

/* Begin PBXTargetDependency section */
		3FEB968A194280B300A7ED95 /* PBXTargetDependency */ = {
			isa = PBXTargetDependency;
			target = 3FEB9662194280B300A7ED95 /* Out of this World */;
			targetProxy = 3FEB9689194280B300A7ED95 /* PBXContainerItemProxy */;
		};
/* End PBXTargetDependency section */

/* Begin PBXVariantGroup section */
		3FEB966F194280B300A7ED95 /* InfoPlist.strings */ = {
			isa = PBXVariantGroup;
			children = (
				3FEB9670194280B300A7ED95 /* en */,
			);
			name = InfoPlist.strings;
			sourceTree = "<group>";
		};
		3FEB9678194280B300A7ED95 /* Main.storyboard */ = {
			isa = PBXVariantGroup;
			children = (
				3FEB9679194280B300A7ED95 /* Base */,
			);
			name = Main.storyboard;
			sourceTree = "<group>";
		};
		3FEB968E194280B300A7ED95 /* InfoPlist.strings */ = {
			isa = PBXVariantGroup;
			children = (
				3FEB968F194280B300A7ED95 /* en */,
			);
			name = InfoPlist.strings;
			sourceTree = "<group>";
		};
/* End PBXVariantGroup section */

/* Begin XCBuildConfiguration section */
		3FEB9693194280B300A7ED95 /* Debug */ = {
			isa = XCBuildConfiguration;
			buildSettings = {
				ALWAYS_SEARCH_USER_PATHS = NO;
				CLANG_CXX_LANGUAGE_STANDARD = "gnu++0x";
				CLANG_CXX_LIBRARY = "libc++";
				CLANG_ENABLE_MODULES = YES;
				CLANG_ENABLE_OBJC_ARC = YES;
				CLANG_WARN_BOOL_CONVERSION = YES;
				CLANG_WARN_CONSTANT_CONVERSION = YES;
				CLANG_WARN_DIRECT_OBJC_ISA_USAGE = YES_ERROR;
				CLANG_WARN_EMPTY_BODY = YES;
				CLANG_WARN_ENUM_CONVERSION = YES;
				CLANG_WARN_INT_CONVERSION = YES;
				CLANG_WARN_OBJC_ROOT_CLASS = YES_ERROR;
				CLANG_WARN__DUPLICATE_METHOD_MATCH = YES;
				"CODE_SIGN_IDENTITY[sdk=iphoneos*]" = "iPhone Developer";
				COPY_PHASE_STRIP = NO;
				GCC_C_LANGUAGE_STANDARD = gnu99;
				GCC_DYNAMIC_NO_PIC = NO;
				GCC_OPTIMIZATION_LEVEL = 0;
				GCC_PREPROCESSOR_DEFINITIONS = (
					"DEBUG=1",
					"$(inherited)",
				);
				GCC_SYMBOLS_PRIVATE_EXTERN = NO;
				GCC_WARN_64_TO_32_BIT_CONVERSION = YES;
				GCC_WARN_ABOUT_RETURN_TYPE = YES_ERROR;
				GCC_WARN_UNDECLARED_SELECTOR = YES;
				GCC_WARN_UNINITIALIZED_AUTOS = YES_AGGRESSIVE;
				GCC_WARN_UNUSED_FUNCTION = YES;
				GCC_WARN_UNUSED_VARIABLE = YES;
				IPHONEOS_DEPLOYMENT_TARGET = 7.1;
				ONLY_ACTIVE_ARCH = YES;
				SDKROOT = iphoneos;
			};
			name = Debug;
		};
		3FEB9694194280B300A7ED95 /* Release */ = {
			isa = XCBuildConfiguration;
			buildSettings = {
				ALWAYS_SEARCH_USER_PATHS = NO;
				CLANG_CXX_LANGUAGE_STANDARD = "gnu++0x";
				CLANG_CXX_LIBRARY = "libc++";
				CLANG_ENABLE_MODULES = YES;
				CLANG_ENABLE_OBJC_ARC = YES;
				CLANG_WARN_BOOL_CONVERSION = YES;
				CLANG_WARN_CONSTANT_CONVERSION = YES;
				CLANG_WARN_DIRECT_OBJC_ISA_USAGE = YES_ERROR;
				CLANG_WARN_EMPTY_BODY = YES;
				CLANG_WARN_ENUM_CONVERSION = YES;
				CLANG_WARN_INT_CONVERSION = YES;
				CLANG_WARN_OBJC_ROOT_CLASS = YES_ERROR;
				CLANG_WARN__DUPLICATE_METHOD_MATCH = YES;
				"CODE_SIGN_IDENTITY[sdk=iphoneos*]" = "iPhone Developer";
				COPY_PHASE_STRIP = YES;
				ENABLE_NS_ASSERTIONS = NO;
				GCC_C_LANGUAGE_STANDARD = gnu99;
				GCC_WARN_64_TO_32_BIT_CONVERSION = YES;
				GCC_WARN_ABOUT_RETURN_TYPE = YES_ERROR;
				GCC_WARN_UNDECLARED_SELECTOR = YES;
				GCC_WARN_UNINITIALIZED_AUTOS = YES_AGGRESSIVE;
				GCC_WARN_UNUSED_FUNCTION = YES;
				GCC_WARN_UNUSED_VARIABLE = YES;
				IPHONEOS_DEPLOYMENT_TARGET = 7.1;
				SDKROOT = iphoneos;
				VALIDATE_PRODUCT = YES;
			};
			name = Release;
		};
		3FEB9696194280B300A7ED95 /* Debug */ = {
			isa = XCBuildConfiguration;
			buildSettings = {
				ASSETCATALOG_COMPILER_APPICON_NAME = AppIcon;
				ASSETCATALOG_COMPILER_LAUNCHIMAGE_NAME = LaunchImage;
				GCC_PRECOMPILE_PREFIX_HEADER = YES;
				GCC_PREFIX_HEADER = "Out of this World/Out of this World-Prefix.pch";
				INFOPLIST_FILE = "Out of this World/Out of this World-Info.plist";
				PRODUCT_NAME = "$(TARGET_NAME)";
				WRAPPER_EXTENSION = app;
			};
			name = Debug;
		};
		3FEB9697194280B300A7ED95 /* Release */ = {
			isa = XCBuildConfiguration;
			buildSettings = {
				ASSETCATALOG_COMPILER_APPICON_NAME = AppIcon;
				ASSETCATALOG_COMPILER_LAUNCHIMAGE_NAME = LaunchImage;
				GCC_PRECOMPILE_PREFIX_HEADER = YES;
				GCC_PREFIX_HEADER = "Out of this World/Out of this World-Prefix.pch";
				INFOPLIST_FILE = "Out of this World/Out of this World-Info.plist";
				PRODUCT_NAME = "$(TARGET_NAME)";
				WRAPPER_EXTENSION = app;
			};
			name = Release;
		};
		3FEB9699194280B300A7ED95 /* Debug */ = {
			isa = XCBuildConfiguration;
			buildSettings = {
				BUNDLE_LOADER = "$(BUILT_PRODUCTS_DIR)/Out of this World.app/Out of this World";
				FRAMEWORK_SEARCH_PATHS = (
					"$(SDKROOT)/Developer/Library/Frameworks",
					"$(inherited)",
					"$(DEVELOPER_FRAMEWORKS_DIR)",
				);
				GCC_PRECOMPILE_PREFIX_HEADER = YES;
				GCC_PREFIX_HEADER = "Out of this World/Out of this World-Prefix.pch";
				GCC_PREPROCESSOR_DEFINITIONS = (
					"DEBUG=1",
					"$(inherited)",
				);
				INFOPLIST_FILE = "Out of this WorldTests/Out of this WorldTests-Info.plist";
				PRODUCT_NAME = "$(TARGET_NAME)";
				TEST_HOST = "$(BUNDLE_LOADER)";
				WRAPPER_EXTENSION = xctest;
			};
			name = Debug;
		};
		3FEB969A194280B300A7ED95 /* Release */ = {
			isa = XCBuildConfiguration;
			buildSettings = {
				BUNDLE_LOADER = "$(BUILT_PRODUCTS_DIR)/Out of this World.app/Out of this World";
				FRAMEWORK_SEARCH_PATHS = (
					"$(SDKROOT)/Developer/Library/Frameworks",
					"$(inherited)",
					"$(DEVELOPER_FRAMEWORKS_DIR)",
				);
				GCC_PRECOMPILE_PREFIX_HEADER = YES;
				GCC_PREFIX_HEADER = "Out of this World/Out of this World-Prefix.pch";
				INFOPLIST_FILE = "Out of this WorldTests/Out of this WorldTests-Info.plist";
				PRODUCT_NAME = "$(TARGET_NAME)";
				TEST_HOST = "$(BUNDLE_LOADER)";
				WRAPPER_EXTENSION = xctest;
			};
			name = Release;
		};
/* End XCBuildConfiguration section */

/* Begin XCConfigurationList section */
		3FEB965E194280B300A7ED95 /* Build configuration list for PBXProject "Out of this World" */ = {
			isa = XCConfigurationList;
			buildConfigurations = (
				3FEB9693194280B300A7ED95 /* Debug */,
				3FEB9694194280B300A7ED95 /* Release */,
			);
			defaultConfigurationIsVisible = 0;
			defaultConfigurationName = Release;
		};
		3FEB9695194280B300A7ED95 /* Build configuration list for PBXNativeTarget "Out of this World" */ = {
			isa = XCConfigurationList;
			buildConfigurations = (
				3FEB9696194280B300A7ED95 /* Debug */,
				3FEB9697194280B300A7ED95 /* Release */,
			);
			defaultConfigurationIsVisible = 0;
		};
		3FEB9698194280B300A7ED95 /* Build configuration list for PBXNativeTarget "Out of this WorldTests" */ = {
			isa = XCConfigurationList;
			buildConfigurations = (
				3FEB9699194280B300A7ED95 /* Debug */,
				3FEB969A194280B300A7ED95 /* Release */,
			);
			defaultConfigurationIsVisible = 0;
		};
/* End XCConfigurationList section */
	};
	rootObject = 3FEB965B194280B300A7ED95 /* Project object */;
}
